
Microsoft Visual Studio Solution File, Format Version 12.00
# Visual Studio Version 17
VisualStudioVersion = 17.9.34616.47
MinimumVisualStudioVersion = 10.0.40219.1
Project("{9A19103F-16F7-4668-BE54-9A1E7A4F7556}") = "Domain", "Domain\Domain.csproj", "{CB597AFA-DE4C-4F43-A400-518609D21667}"
EndProject
Project("{2150E333-8FDC-42A3-9474-1A3956D46DE8}") = "Solution Items", "Solution Items", "{F2807B6F-6F8A-49B8-969B-79B298D2CE4C}"
	ProjectSection(SolutionItems) = preProject
		.editorconfig = .editorconfig
		.env = .env
		.env.example = .env.example
		.gitignore = .gitignore
		README.md = README.md
	EndProjectSection
EndProject
Project("{9A19103F-16F7-4668-BE54-9A1E7A4F7556}") = "Domain.Fixtures", "Domain.Fixtures\Domain.Fixtures.csproj", "{3B9439D4-D087-40B3-9D25-01C43D382C29}"
EndProject
Project("{9A19103F-16F7-4668-BE54-9A1E7A4F7556}") = "Domain.UnitTests", "Domain.UnitTests\Domain.UnitTests.csproj", "{C746633A-AECC-4E7F-9348-924DED0C1C52}"
EndProject
Project("{9A19103F-16F7-4668-BE54-9A1E7A4F7556}") = "Application", "Application\Application.csproj", "{47016E24-5E45-47BB-B6C7-804BD82C6DE0}"
EndProject
Project("{2150E333-8FDC-42A3-9474-1A3956D46DE8}") = "src", "src", "{5372E9D1-9666-4BA0-9F20-BDBB516F0498}"
EndProject
Project("{2150E333-8FDC-42A3-9474-1A3956D46DE8}") = "tests", "tests", "{E122A72D-13BE-4E7B-90AB-6DC38B5D33EC}"
EndProject
Project("{9A19103F-16F7-4668-BE54-9A1E7A4F7556}") = "Application.UnitTests", "Application.UnitTests\Application.UnitTests.csproj", "{6628D38C-4079-4E50-A7F4-B49160CC6A9F}"
EndProject
Project("{9A19103F-16F7-4668-BE54-9A1E7A4F7556}") = "Application.Fixtures", "Application.Fixtures\Application.Fixtures.csproj", "{E15EE199-0350-48CA-827F-24AA56B9A266}"
EndProject
Project("{9A19103F-16F7-4668-BE54-9A1E7A4F7556}") = "Infrastructure", "Infrastructure\Infrastructure.csproj", "{1982D992-3F1E-4089-8A45-E8E0D3ACD8A8}"
EndProject
Project("{9A19103F-16F7-4668-BE54-9A1E7A4F7556}") = "Ui.Api", "Ui.Api\Ui.Api.csproj", "{4814AEF4-7BA3-425A-97FF-3B9CF06732D8}"
EndProject
Project("{E53339B2-1760-4266-BCC7-CA923CBCF16C}") = "docker-compose", "docker-compose.dcproj", "{667A80FD-0F94-4DFB-8509-E498DDE24061}"
EndProject
Project("{2150E333-8FDC-42A3-9474-1A3956D46DE8}") = "tools", "tools", "{EEE5CD1F-DF10-487E-B8BB-CE83B8833C8D}"
EndProject
Project("{FAE04EC0-301F-11D3-BF4B-00C04F79EFBC}") = "Tool.MigrationRunner", "Tool.MigrationRunner\Tool.MigrationRunner.csproj", "{77F23691-38BD-4AAC-885B-3D4F38D7AD24}"
EndProject
Global
	GlobalSection(SolutionConfigurationPlatforms) = preSolution
		Debug|Any CPU = Debug|Any CPU
		Release|Any CPU = Release|Any CPU
	EndGlobalSection
	GlobalSection(ProjectConfigurationPlatforms) = postSolution
		{CB597AFA-DE4C-4F43-A400-518609D21667}.Debug|Any CPU.ActiveCfg = Debug|Any CPU
		{CB597AFA-DE4C-4F43-A400-518609D21667}.Debug|Any CPU.Build.0 = Debug|Any CPU
		{CB597AFA-DE4C-4F43-A400-518609D21667}.Release|Any CPU.ActiveCfg = Release|Any CPU
		{CB597AFA-DE4C-4F43-A400-518609D21667}.Release|Any CPU.Build.0 = Release|Any CPU
		{3B9439D4-D087-40B3-9D25-01C43D382C29}.Debug|Any CPU.ActiveCfg = Debug|Any CPU
		{3B9439D4-D087-40B3-9D25-01C43D382C29}.Debug|Any CPU.Build.0 = Debug|Any CPU
		{3B9439D4-D087-40B3-9D25-01C43D382C29}.Release|Any CPU.ActiveCfg = Release|Any CPU
		{3B9439D4-D087-40B3-9D25-01C43D382C29}.Release|Any CPU.Build.0 = Release|Any CPU
		{C746633A-AECC-4E7F-9348-924DED0C1C52}.Debug|Any CPU.ActiveCfg = Debug|Any CPU
		{C746633A-AECC-4E7F-9348-924DED0C1C52}.Debug|Any CPU.Build.0 = Debug|Any CPU
		{C746633A-AECC-4E7F-9348-924DED0C1C52}.Release|Any CPU.ActiveCfg = Release|Any CPU
		{C746633A-AECC-4E7F-9348-924DED0C1C52}.Release|Any CPU.Build.0 = Release|Any CPU
		{47016E24-5E45-47BB-B6C7-804BD82C6DE0}.Debug|Any CPU.ActiveCfg = Debug|Any CPU
		{47016E24-5E45-47BB-B6C7-804BD82C6DE0}.Debug|Any CPU.Build.0 = Debug|Any CPU
		{47016E24-5E45-47BB-B6C7-804BD82C6DE0}.Release|Any CPU.ActiveCfg = Release|Any CPU
		{47016E24-5E45-47BB-B6C7-804BD82C6DE0}.Release|Any CPU.Build.0 = Release|Any CPU
		{6628D38C-4079-4E50-A7F4-B49160CC6A9F}.Debug|Any CPU.ActiveCfg = Debug|Any CPU
		{6628D38C-4079-4E50-A7F4-B49160CC6A9F}.Debug|Any CPU.Build.0 = Debug|Any CPU
		{6628D38C-4079-4E50-A7F4-B49160CC6A9F}.Release|Any CPU.ActiveCfg = Release|Any CPU
		{6628D38C-4079-4E50-A7F4-B49160CC6A9F}.Release|Any CPU.Build.0 = Release|Any CPU
		{E15EE199-0350-48CA-827F-24AA56B9A266}.Debug|Any CPU.ActiveCfg = Debug|Any CPU
		{E15EE199-0350-48CA-827F-24AA56B9A266}.Debug|Any CPU.Build.0 = Debug|Any CPU
		{E15EE199-0350-48CA-827F-24AA56B9A266}.Release|Any CPU.ActiveCfg = Release|Any CPU
		{E15EE199-0350-48CA-827F-24AA56B9A266}.Release|Any CPU.Build.0 = Release|Any CPU
		{1982D992-3F1E-4089-8A45-E8E0D3ACD8A8}.Debug|Any CPU.ActiveCfg = Debug|Any CPU
		{1982D992-3F1E-4089-8A45-E8E0D3ACD8A8}.Debug|Any CPU.Build.0 = Debug|Any CPU
		{1982D992-3F1E-4089-8A45-E8E0D3ACD8A8}.Release|Any CPU.ActiveCfg = Release|Any CPU
		{1982D992-3F1E-4089-8A45-E8E0D3ACD8A8}.Release|Any CPU.Build.0 = Release|Any CPU
		{4814AEF4-7BA3-425A-97FF-3B9CF06732D8}.Debug|Any CPU.ActiveCfg = Debug|Any CPU
		{4814AEF4-7BA3-425A-97FF-3B9CF06732D8}.Debug|Any CPU.Build.0 = Debug|Any CPU
		{4814AEF4-7BA3-425A-97FF-3B9CF06732D8}.Release|Any CPU.ActiveCfg = Release|Any CPU
		{4814AEF4-7BA3-425A-97FF-3B9CF06732D8}.Release|Any CPU.Build.0 = Release|Any CPU
		{667A80FD-0F94-4DFB-8509-E498DDE24061}.Debug|Any CPU.ActiveCfg = Debug|Any CPU
		{667A80FD-0F94-4DFB-8509-E498DDE24061}.Debug|Any CPU.Build.0 = Debug|Any CPU
		{667A80FD-0F94-4DFB-8509-E498DDE24061}.Release|Any CPU.ActiveCfg = Release|Any CPU
		{667A80FD-0F94-4DFB-8509-E498DDE24061}.Release|Any CPU.Build.0 = Release|Any CPU
		{77F23691-38BD-4AAC-885B-3D4F38D7AD24}.Debug|Any CPU.ActiveCfg = Debug|Any CPU
		{77F23691-38BD-4AAC-885B-3D4F38D7AD24}.Debug|Any CPU.Build.0 = Debug|Any CPU
		{77F23691-38BD-4AAC-885B-3D4F38D7AD24}.Release|Any CPU.ActiveCfg = Release|Any CPU
		{77F23691-38BD-4AAC-885B-3D4F38D7AD24}.Release|Any CPU.Build.0 = Release|Any CPU
	EndGlobalSection
	GlobalSection(SolutionProperties) = preSolution
		HideSolutionNode = FALSE
	EndGlobalSection
	GlobalSection(NestedProjects) = preSolution
		{CB597AFA-DE4C-4F43-A400-518609D21667} = {5372E9D1-9666-4BA0-9F20-BDBB516F0498}
		{3B9439D4-D087-40B3-9D25-01C43D382C29} = {E122A72D-13BE-4E7B-90AB-6DC38B5D33EC}
		{C746633A-AECC-4E7F-9348-924DED0C1C52} = {E122A72D-13BE-4E7B-90AB-6DC38B5D33EC}
		{47016E24-5E45-47BB-B6C7-804BD82C6DE0} = {5372E9D1-9666-4BA0-9F20-BDBB516F0498}
		{6628D38C-4079-4E50-A7F4-B49160CC6A9F} = {E122A72D-13BE-4E7B-90AB-6DC38B5D33EC}
		{E15EE199-0350-48CA-827F-24AA56B9A266} = {E122A72D-13BE-4E7B-90AB-6DC38B5D33EC}
		{1982D992-3F1E-4089-8A45-E8E0D3ACD8A8} = {5372E9D1-9666-4BA0-9F20-BDBB516F0498}
		{4814AEF4-7BA3-425A-97FF-3B9CF06732D8} = {5372E9D1-9666-4BA0-9F20-BDBB516F0498}
		{77F23691-38BD-4AAC-885B-3D4F38D7AD24} = {EEE5CD1F-DF10-487E-B8BB-CE83B8833C8D}
	EndGlobalSection
	GlobalSection(ExtensibilityGlobals) = postSolution
		SolutionGuid = {3F10DD6C-5671-4A19-8C13-13E46A2EBC20}
	EndGlobalSection
EndGlobal
