
Microsoft Visual Studio Solution File, Format Version 12.00
# Visual Studio Version 17
VisualStudioVersion = 17.9.34616.47
MinimumVisualStudioVersion = 10.0.40219.1
Project("{9A19103F-16F7-4668-BE54-9A1E7A4F7556}") = "Domain", "src\Domain\Domain.csproj", "{CB597AFA-DE4C-4F43-A400-518609D21667}"
EndProject
Project("{2150E333-8FDC-42A3-9474-1A3956D46DE8}") = "Solution Items", "Solution Items", "{F2807B6F-6F8A-49B8-969B-79B298D2CE4C}"
	ProjectSection(SolutionItems) = preProject
		.gitignore = .gitignore
		README.md = README.md
		.github\workflows\tests.yml = .github\workflows\tests.yml
	EndProjectSection
EndProject
Project("{9A19103F-16F7-4668-BE54-9A1E7A4F7556}") = "Application", "src\Application\Application.csproj", "{47016E24-5E45-47BB-B6C7-804BD82C6DE0}"
EndProject
Project("{9A19103F-16F7-4668-BE54-9A1E7A4F7556}") = "Infrastructure", "src\Infrastructure\Infrastructure.csproj", "{1982D992-3F1E-4089-8A45-E8E0D3ACD8A8}"
EndProject
Project("{9A19103F-16F7-4668-BE54-9A1E7A4F7556}") = "Ui.Api", "src\Ui.Api\Ui.Api.csproj", "{4814AEF4-7BA3-425A-97FF-3B9CF06732D8}"
EndProject
Project("{E53339B2-1760-4266-BCC7-CA923CBCF16C}") = "docker-compose", "docker-compose.dcproj", "{667A80FD-0F94-4DFB-8509-E498DDE24061}"
EndProject
Project("{9A19103F-16F7-4668-BE54-9A1E7A4F7556}") = "Domain.Tests.Fixtures", "tests\Domain.Tests.Fixtures\Domain.Tests.Fixtures.csproj", "{54BB0930-2625-4E2D-AFE1-978CCE83D91A}"
EndProject
Project("{9A19103F-16F7-4668-BE54-9A1E7A4F7556}") = "Domain.Tests.Unit", "tests\Domain.Tests.Unit\Domain.Tests.Unit.csproj", "{C0F59D02-C7C3-4D65-BEB4-4F16C50A89E2}"
EndProject
Project("{9A19103F-16F7-4668-BE54-9A1E7A4F7556}") = "Application.Tests.Unit", "tests\Application.Tests.Unit\Application.Tests.Unit.csproj", "{C51416C6-3493-4688-B496-EA600386874A}"
EndProject
Project("{9A19103F-16F7-4668-BE54-9A1E7A4F7556}") = "Application.Tests.Fixtures", "tests\Application.Tests.Fixtures\Application.Tests.Fixtures.csproj", "{E3583445-ECBF-4783-B0E9-B8EE216BDFF3}"
EndProject
Project("{9A19103F-16F7-4668-BE54-9A1E7A4F7556}") = "Tools.MigrationRunner", "tools\Tools.MigrationRunner\Tools.MigrationRunner.csproj", "{9E3BDA0D-9741-4C75-8996-0867CDE77929}"
EndProject
Project("{9A19103F-16F7-4668-BE54-9A1E7A4F7556}") = "SharedKernel", "src\SharedKernel\SharedKernel.csproj", "{B74E2116-999F-46AF-8222-2ECD7661CD70}"
EndProject
Project("{9A19103F-16F7-4668-BE54-9A1E7A4F7556}") = "SharedKernel.Tests.Unit", "tests\SharedKernel.Tests.Unit\SharedKernel.Tests.Unit.csproj", "{C2737C99-E8BD-4139-9F49-4C5A362D2385}"
EndProject
Project("{2150E333-8FDC-42A3-9474-1A3956D46DE8}") = "src", "src", "{BAF71A7E-42E8-4D15-AB6D-66640AF82FA7}"
EndProject
Project("{2150E333-8FDC-42A3-9474-1A3956D46DE8}") = "tests", "tests", "{3F221A6D-D93D-4490-978E-7D4CF9D0B9EE}"
EndProject
Project("{2150E333-8FDC-42A3-9474-1A3956D46DE8}") = "tools", "tools", "{E2A5AE28-1B62-4AC0-964D-22730EAAE7E6}"
EndProject
Project("{FAE04EC0-301F-11D3-BF4B-00C04F79EFBC}") = "Infrastructure.Tests.Unit", "tests\Infrastructure.Tests.Unit\Infrastructure.Tests.Unit.csproj", "{A8FE4A25-4250-4254-8582-3AB44D152D71}"
EndProject
Project("{FAE04EC0-301F-11D3-BF4B-00C04F79EFBC}") = "Ui.Api.Tests.Unit", "tests\Ui.Api.Tests.Unit\Ui.Api.Tests.Unit.csproj", "{28F523FA-A376-4591-B754-D80C74A3C744}"
EndProject
Global
	GlobalSection(SolutionConfigurationPlatforms) = preSolution
		Debug|Any CPU = Debug|Any CPU
		Release|Any CPU = Release|Any CPU
	EndGlobalSection
	GlobalSection(ProjectConfigurationPlatforms) = postSolution
		{CB597AFA-DE4C-4F43-A400-518609D21667}.Debug|Any CPU.ActiveCfg = Debug|Any CPU
		{CB597AFA-DE4C-4F43-A400-518609D21667}.Debug|Any CPU.Build.0 = Debug|Any CPU
		{CB597AFA-DE4C-4F43-A400-518609D21667}.Release|Any CPU.ActiveCfg = Release|Any CPU
		{CB597AFA-DE4C-4F43-A400-518609D21667}.Release|Any CPU.Build.0 = Release|Any CPU
		{47016E24-5E45-47BB-B6C7-804BD82C6DE0}.Debug|Any CPU.ActiveCfg = Debug|Any CPU
		{47016E24-5E45-47BB-B6C7-804BD82C6DE0}.Debug|Any CPU.Build.0 = Debug|Any CPU
		{47016E24-5E45-47BB-B6C7-804BD82C6DE0}.Release|Any CPU.ActiveCfg = Release|Any CPU
		{47016E24-5E45-47BB-B6C7-804BD82C6DE0}.Release|Any CPU.Build.0 = Release|Any CPU
		{1982D992-3F1E-4089-8A45-E8E0D3ACD8A8}.Debug|Any CPU.ActiveCfg = Debug|Any CPU
		{1982D992-3F1E-4089-8A45-E8E0D3ACD8A8}.Debug|Any CPU.Build.0 = Debug|Any CPU
		{1982D992-3F1E-4089-8A45-E8E0D3ACD8A8}.Release|Any CPU.ActiveCfg = Release|Any CPU
		{1982D992-3F1E-4089-8A45-E8E0D3ACD8A8}.Release|Any CPU.Build.0 = Release|Any CPU
		{4814AEF4-7BA3-425A-97FF-3B9CF06732D8}.Debug|Any CPU.ActiveCfg = Debug|Any CPU
		{4814AEF4-7BA3-425A-97FF-3B9CF06732D8}.Debug|Any CPU.Build.0 = Debug|Any CPU
		{4814AEF4-7BA3-425A-97FF-3B9CF06732D8}.Release|Any CPU.ActiveCfg = Release|Any CPU
		{4814AEF4-7BA3-425A-97FF-3B9CF06732D8}.Release|Any CPU.Build.0 = Release|Any CPU
		{667A80FD-0F94-4DFB-8509-E498DDE24061}.Debug|Any CPU.ActiveCfg = Debug|Any CPU
		{667A80FD-0F94-4DFB-8509-E498DDE24061}.Debug|Any CPU.Build.0 = Debug|Any CPU
		{667A80FD-0F94-4DFB-8509-E498DDE24061}.Release|Any CPU.ActiveCfg = Release|Any CPU
		{667A80FD-0F94-4DFB-8509-E498DDE24061}.Release|Any CPU.Build.0 = Release|Any CPU
		{54BB0930-2625-4E2D-AFE1-978CCE83D91A}.Debug|Any CPU.ActiveCfg = Debug|Any CPU
		{54BB0930-2625-4E2D-AFE1-978CCE83D91A}.Debug|Any CPU.Build.0 = Debug|Any CPU
		{54BB0930-2625-4E2D-AFE1-978CCE83D91A}.Release|Any CPU.ActiveCfg = Release|Any CPU
		{54BB0930-2625-4E2D-AFE1-978CCE83D91A}.Release|Any CPU.Build.0 = Release|Any CPU
		{C0F59D02-C7C3-4D65-BEB4-4F16C50A89E2}.Debug|Any CPU.ActiveCfg = Debug|Any CPU
		{C0F59D02-C7C3-4D65-BEB4-4F16C50A89E2}.Debug|Any CPU.Build.0 = Debug|Any CPU
		{C0F59D02-C7C3-4D65-BEB4-4F16C50A89E2}.Release|Any CPU.ActiveCfg = Release|Any CPU
		{C0F59D02-C7C3-4D65-BEB4-4F16C50A89E2}.Release|Any CPU.Build.0 = Release|Any CPU
		{C51416C6-3493-4688-B496-EA600386874A}.Debug|Any CPU.ActiveCfg = Debug|Any CPU
		{C51416C6-3493-4688-B496-EA600386874A}.Debug|Any CPU.Build.0 = Debug|Any CPU
		{C51416C6-3493-4688-B496-EA600386874A}.Release|Any CPU.ActiveCfg = Release|Any CPU
		{C51416C6-3493-4688-B496-EA600386874A}.Release|Any CPU.Build.0 = Release|Any CPU
		{E3583445-ECBF-4783-B0E9-B8EE216BDFF3}.Debug|Any CPU.ActiveCfg = Debug|Any CPU
		{E3583445-ECBF-4783-B0E9-B8EE216BDFF3}.Debug|Any CPU.Build.0 = Debug|Any CPU
		{E3583445-ECBF-4783-B0E9-B8EE216BDFF3}.Release|Any CPU.ActiveCfg = Release|Any CPU
		{E3583445-ECBF-4783-B0E9-B8EE216BDFF3}.Release|Any CPU.Build.0 = Release|Any CPU
		{9E3BDA0D-9741-4C75-8996-0867CDE77929}.Debug|Any CPU.ActiveCfg = Debug|Any CPU
		{9E3BDA0D-9741-4C75-8996-0867CDE77929}.Debug|Any CPU.Build.0 = Debug|Any CPU
		{9E3BDA0D-9741-4C75-8996-0867CDE77929}.Release|Any CPU.ActiveCfg = Release|Any CPU
		{9E3BDA0D-9741-4C75-8996-0867CDE77929}.Release|Any CPU.Build.0 = Release|Any CPU
		{B74E2116-999F-46AF-8222-2ECD7661CD70}.Debug|Any CPU.ActiveCfg = Debug|Any CPU
		{B74E2116-999F-46AF-8222-2ECD7661CD70}.Debug|Any CPU.Build.0 = Debug|Any CPU
		{B74E2116-999F-46AF-8222-2ECD7661CD70}.Release|Any CPU.ActiveCfg = Release|Any CPU
		{B74E2116-999F-46AF-8222-2ECD7661CD70}.Release|Any CPU.Build.0 = Release|Any CPU
		{C2737C99-E8BD-4139-9F49-4C5A362D2385}.Debug|Any CPU.ActiveCfg = Debug|Any CPU
		{C2737C99-E8BD-4139-9F49-4C5A362D2385}.Debug|Any CPU.Build.0 = Debug|Any CPU
		{C2737C99-E8BD-4139-9F49-4C5A362D2385}.Release|Any CPU.ActiveCfg = Release|Any CPU
		{C2737C99-E8BD-4139-9F49-4C5A362D2385}.Release|Any CPU.Build.0 = Release|Any CPU
		{A8FE4A25-4250-4254-8582-3AB44D152D71}.Debug|Any CPU.ActiveCfg = Debug|Any CPU
		{A8FE4A25-4250-4254-8582-3AB44D152D71}.Debug|Any CPU.Build.0 = Debug|Any CPU
		{A8FE4A25-4250-4254-8582-3AB44D152D71}.Release|Any CPU.ActiveCfg = Release|Any CPU
		{A8FE4A25-4250-4254-8582-3AB44D152D71}.Release|Any CPU.Build.0 = Release|Any CPU
		{28F523FA-A376-4591-B754-D80C74A3C744}.Debug|Any CPU.ActiveCfg = Debug|Any CPU
		{28F523FA-A376-4591-B754-D80C74A3C744}.Debug|Any CPU.Build.0 = Debug|Any CPU
		{28F523FA-A376-4591-B754-D80C74A3C744}.Release|Any CPU.ActiveCfg = Release|Any CPU
		{28F523FA-A376-4591-B754-D80C74A3C744}.Release|Any CPU.Build.0 = Release|Any CPU
	EndGlobalSection
	GlobalSection(SolutionProperties) = preSolution
		HideSolutionNode = FALSE
	EndGlobalSection
	GlobalSection(NestedProjects) = preSolution
		{CB597AFA-DE4C-4F43-A400-518609D21667} = {BAF71A7E-42E8-4D15-AB6D-66640AF82FA7}
		{47016E24-5E45-47BB-B6C7-804BD82C6DE0} = {BAF71A7E-42E8-4D15-AB6D-66640AF82FA7}
		{1982D992-3F1E-4089-8A45-E8E0D3ACD8A8} = {BAF71A7E-42E8-4D15-AB6D-66640AF82FA7}
		{4814AEF4-7BA3-425A-97FF-3B9CF06732D8} = {BAF71A7E-42E8-4D15-AB6D-66640AF82FA7}
		{54BB0930-2625-4E2D-AFE1-978CCE83D91A} = {3F221A6D-D93D-4490-978E-7D4CF9D0B9EE}
		{C0F59D02-C7C3-4D65-BEB4-4F16C50A89E2} = {3F221A6D-D93D-4490-978E-7D4CF9D0B9EE}
		{C51416C6-3493-4688-B496-EA600386874A} = {3F221A6D-D93D-4490-978E-7D4CF9D0B9EE}
		{E3583445-ECBF-4783-B0E9-B8EE216BDFF3} = {3F221A6D-D93D-4490-978E-7D4CF9D0B9EE}
		{9E3BDA0D-9741-4C75-8996-0867CDE77929} = {E2A5AE28-1B62-4AC0-964D-22730EAAE7E6}
		{B74E2116-999F-46AF-8222-2ECD7661CD70} = {BAF71A7E-42E8-4D15-AB6D-66640AF82FA7}
		{C2737C99-E8BD-4139-9F49-4C5A362D2385} = {3F221A6D-D93D-4490-978E-7D4CF9D0B9EE}
		{A8FE4A25-4250-4254-8582-3AB44D152D71} = {3F221A6D-D93D-4490-978E-7D4CF9D0B9EE}
		{28F523FA-A376-4591-B754-D80C74A3C744} = {3F221A6D-D93D-4490-978E-7D4CF9D0B9EE}
	EndGlobalSection
	GlobalSection(ExtensibilityGlobals) = postSolution
		SolutionGuid = {3F10DD6C-5671-4A19-8C13-13E46A2EBC20}
	EndGlobalSection
EndGlobal
